// !$*UTF8*$!
{
	archiveVersion = 1;
	classes = {
	};
	objectVersion = 46;
	objects = {

/* Begin PBXBuildFile section */
		096ADCF572CBCA61FD566E11 /* Pods_SocialEventSJSU.framework in Frameworks */ = {isa = PBXBuildFile; fileRef = 16AA679A3F6C1BEC29534E24 /* Pods_SocialEventSJSU.framework */; };
		7713E7111EC41787009FCA24 /* FormViewController.swift in Sources */ = {isa = PBXBuildFile; fileRef = 7713E7101EC41787009FCA24 /* FormViewController.swift */; };
		83AD7CED1EAE076500FDA83C /* AppDelegate.swift in Sources */ = {isa = PBXBuildFile; fileRef = 83AD7CEC1EAE076500FDA83C /* AppDelegate.swift */; };
		83AD7CEF1EAE076500FDA83C /* ViewController.swift in Sources */ = {isa = PBXBuildFile; fileRef = 83AD7CEE1EAE076500FDA83C /* ViewController.swift */; };
		83AD7CF21EAE076500FDA83C /* Main.storyboard in Resources */ = {isa = PBXBuildFile; fileRef = 83AD7CF01EAE076500FDA83C /* Main.storyboard */; };
		83AD7CF41EAE076500FDA83C /* Assets.xcassets in Resources */ = {isa = PBXBuildFile; fileRef = 83AD7CF31EAE076500FDA83C /* Assets.xcassets */; };
		83AD7CF71EAE076500FDA83C /* LaunchScreen.storyboard in Resources */ = {isa = PBXBuildFile; fileRef = 83AD7CF51EAE076500FDA83C /* LaunchScreen.storyboard */; };
		C35B24821EB166EA00450AD3 /* AWSAutoScaling.framework in Frameworks */ = {isa = PBXBuildFile; fileRef = C35B246C1EB166EA00450AD3 /* AWSAutoScaling.framework */; };
		C35B24831EB166EA00450AD3 /* AWSCloudWatch.framework in Frameworks */ = {isa = PBXBuildFile; fileRef = C35B246D1EB166EA00450AD3 /* AWSCloudWatch.framework */; };
		C35B24841EB166EA00450AD3 /* AWSCognito.framework in Frameworks */ = {isa = PBXBuildFile; fileRef = C35B246E1EB166EA00450AD3 /* AWSCognito.framework */; };
		C35B24851EB166EA00450AD3 /* AWSCognitoIdentityProvider.framework in Frameworks */ = {isa = PBXBuildFile; fileRef = C35B246F1EB166EA00450AD3 /* AWSCognitoIdentityProvider.framework */; };
		C35B24861EB166EA00450AD3 /* AWSCore.framework in Frameworks */ = {isa = PBXBuildFile; fileRef = C35B24701EB166EA00450AD3 /* AWSCore.framework */; };
		C35B24871EB166EA00450AD3 /* AWSDynamoDB.framework in Frameworks */ = {isa = PBXBuildFile; fileRef = C35B24711EB166EA00450AD3 /* AWSDynamoDB.framework */; settings = {ATTRIBUTES = (Required, ); }; };
		C35B24891EB166EA00450AD3 /* AWSElasticLoadBalancing.framework in Frameworks */ = {isa = PBXBuildFile; fileRef = C35B24731EB166EA00450AD3 /* AWSElasticLoadBalancing.framework */; };
		C35B248B1EB166EA00450AD3 /* AWSKinesis.framework in Frameworks */ = {isa = PBXBuildFile; fileRef = C35B24751EB166EA00450AD3 /* AWSKinesis.framework */; };
		C35B248C1EB166EA00450AD3 /* AWSLambda.framework in Frameworks */ = {isa = PBXBuildFile; fileRef = C35B24761EB166EA00450AD3 /* AWSLambda.framework */; };
		C35B248F1EB166EA00450AD3 /* AWSMobileAnalytics.framework in Frameworks */ = {isa = PBXBuildFile; fileRef = C35B24791EB166EA00450AD3 /* AWSMobileAnalytics.framework */; settings = {ATTRIBUTES = (Weak, ); }; };
		C35B24901EB166EA00450AD3 /* AWSPinpoint.framework in Frameworks */ = {isa = PBXBuildFile; fileRef = C35B247A1EB166EA00450AD3 /* AWSPinpoint.framework */; };
		C35B24911EB166EA00450AD3 /* AWSPolly.framework in Frameworks */ = {isa = PBXBuildFile; fileRef = C35B247B1EB166EA00450AD3 /* AWSPolly.framework */; };
		C35B24921EB166EA00450AD3 /* AWSRekognition.framework in Frameworks */ = {isa = PBXBuildFile; fileRef = C35B247C1EB166EA00450AD3 /* AWSRekognition.framework */; };
		C35B24931EB166EA00450AD3 /* AWSS3.framework in Frameworks */ = {isa = PBXBuildFile; fileRef = C35B247D1EB166EA00450AD3 /* AWSS3.framework */; };
		C35B24941EB166EA00450AD3 /* AWSSES.framework in Frameworks */ = {isa = PBXBuildFile; fileRef = C35B247E1EB166EA00450AD3 /* AWSSES.framework */; };
		C35B24951EB166EA00450AD3 /* AWSSimpleDB.framework in Frameworks */ = {isa = PBXBuildFile; fileRef = C35B247F1EB166EA00450AD3 /* AWSSimpleDB.framework */; };
		C35B24961EB166EA00450AD3 /* AWSSNS.framework in Frameworks */ = {isa = PBXBuildFile; fileRef = C35B24801EB166EA00450AD3 /* AWSSNS.framework */; };
		C35B24971EB166EA00450AD3 /* AWSSQS.framework in Frameworks */ = {isa = PBXBuildFile; fileRef = C35B24811EB166EA00450AD3 /* AWSSQS.framework */; };
		C35B24AA1EB168B000450AD3 /* AWSMobileClient.swift in Sources */ = {isa = PBXBuildFile; fileRef = C35B24A41EB168B000450AD3 /* AWSMobileClient.swift */; };
		C35B24AB1EB168B000450AD3 /* AWSMobileHubHelper.framework in Frameworks */ = {isa = PBXBuildFile; fileRef = C35B24A51EB168B000450AD3 /* AWSMobileHubHelper.framework */; };
		C35B24AC1EB168B000450AD3 /* EventsList.swift in Sources */ = {isa = PBXBuildFile; fileRef = C35B24A61EB168B000450AD3 /* EventsList.swift */; };
		C35B24AE1EB1693800450AD3 /* libz.tbd in Frameworks */ = {isa = PBXBuildFile; fileRef = C35B24AD1EB1693800450AD3 /* libz.tbd */; };
		C35B24B01EB169DA00450AD3 /* libsqlite3.dylib in Frameworks */ = {isa = PBXBuildFile; fileRef = C35B24AF1EB169D900450AD3 /* libsqlite3.dylib */; };
		C365F45B1EAF30F1007D9C27 /* FBSDKLoginKit.framework in Frameworks */ = {isa = PBXBuildFile; fileRef = C365F45A1EAF30F1007D9C27 /* FBSDKLoginKit.framework */; };
		C3A1E5181EAFFE6C006D024A /* EventListViewController.swift in Sources */ = {isa = PBXBuildFile; fileRef = C3A1E5171EAFFE6C006D024A /* EventListViewController.swift */; };
		C3A1E51B1EB00356006D024A /* SignUpViewController.swift in Sources */ = {isa = PBXBuildFile; fileRef = C3A1E5191EB00356006D024A /* SignUpViewController.swift */; };
		C3A1E51C1EB00356006D024A /* SignViewController.swift in Sources */ = {isa = PBXBuildFile; fileRef = C3A1E51A1EB00356006D024A /* SignViewController.swift */; };
		C3B898B81EAF397000081B5B /* MapViewController.swift in Sources */ = {isa = PBXBuildFile; fileRef = C3B898B71EAF397000081B5B /* MapViewController.swift */; };
		C3B898BA1EAFBD0400081B5B /* EventAnnotation.swift in Sources */ = {isa = PBXBuildFile; fileRef = C3B898B91EAFBD0400081B5B /* EventAnnotation.swift */; };
		DA2C8E721EC93B8600BCD978 /* HomeViewController.swift in Sources */ = {isa = PBXBuildFile; fileRef = DA2C8E711EC93B8600BCD978 /* HomeViewController.swift */; };
		DA4398631EC95526008E46EC /* HomeNavigationViewController.swift in Sources */ = {isa = PBXBuildFile; fileRef = DA4398621EC95526008E46EC /* HomeNavigationViewController.swift */; };
		DA2C8E6E1EC9189100BCD978 /* SettingsViewController.swift in Sources */ = {isa = PBXBuildFile; fileRef = DA2C8E6D1EC9189100BCD978 /* SettingsViewController.swift */; };
		C3E1EE6D1EC92ACE001E8996 /* DatabaseEventListModel.swift in Sources */ = {isa = PBXBuildFile; fileRef = C35B24221EB162ED00450AD3 /* DatabaseEventListModel.swift */; };
/* End PBXBuildFile section */

/* Begin PBXFileReference section */
		16AA679A3F6C1BEC29534E24 /* Pods_SocialEventSJSU.framework */ = {isa = PBXFileReference; explicitFileType = wrapper.framework; includeInIndex = 0; path = Pods_SocialEventSJSU.framework; sourceTree = BUILT_PRODUCTS_DIR; };
		420B1ED232852B76A0EDA0B0 /* Pods-SocialEventSJSU.debug.xcconfig */ = {isa = PBXFileReference; includeInIndex = 1; lastKnownFileType = text.xcconfig; name = "Pods-SocialEventSJSU.debug.xcconfig"; path = "Pods/Target Support Files/Pods-SocialEventSJSU/Pods-SocialEventSJSU.debug.xcconfig"; sourceTree = "<group>"; };
		7713E7101EC41787009FCA24 /* FormViewController.swift */ = {isa = PBXFileReference; fileEncoding = 4; lastKnownFileType = sourcecode.swift; path = FormViewController.swift; sourceTree = "<group>"; };
		8364A9911EAE210A00050B76 /* SocialEventSJSU.entitlements */ = {isa = PBXFileReference; lastKnownFileType = text.plist.entitlements; path = SocialEventSJSU.entitlements; sourceTree = "<group>"; };
		83AD7CE91EAE076500FDA83C /* SocialEventSJSU.app */ = {isa = PBXFileReference; explicitFileType = wrapper.application; includeInIndex = 0; path = SocialEventSJSU.app; sourceTree = BUILT_PRODUCTS_DIR; };
		83AD7CEC1EAE076500FDA83C /* AppDelegate.swift */ = {isa = PBXFileReference; lastKnownFileType = sourcecode.swift; path = AppDelegate.swift; sourceTree = "<group>"; };
		83AD7CEE1EAE076500FDA83C /* ViewController.swift */ = {isa = PBXFileReference; lastKnownFileType = sourcecode.swift; path = ViewController.swift; sourceTree = "<group>"; };
		83AD7CF11EAE076500FDA83C /* Base */ = {isa = PBXFileReference; lastKnownFileType = file.storyboard; name = Base; path = Base.lproj/Main.storyboard; sourceTree = "<group>"; };
		83AD7CF31EAE076500FDA83C /* Assets.xcassets */ = {isa = PBXFileReference; lastKnownFileType = folder.assetcatalog; path = Assets.xcassets; sourceTree = "<group>"; };
		83AD7CF61EAE076500FDA83C /* Base */ = {isa = PBXFileReference; lastKnownFileType = file.storyboard; name = Base; path = Base.lproj/LaunchScreen.storyboard; sourceTree = "<group>"; };
		83AD7CF81EAE076500FDA83C /* Info.plist */ = {isa = PBXFileReference; lastKnownFileType = text.plist.xml; path = Info.plist; sourceTree = "<group>"; };
		C35B24221EB162ED00450AD3 /* DatabaseEventListModel.swift */ = {isa = PBXFileReference; fileEncoding = 4; lastKnownFileType = sourcecode.swift; path = DatabaseEventListModel.swift; sourceTree = "<group>"; };
		C35B246C1EB166EA00450AD3 /* AWSAutoScaling.framework */ = {isa = PBXFileReference; lastKnownFileType = wrapper.framework; name = AWSAutoScaling.framework; path = "../../Library/Developer/Xcode/DerivedData/SocialEventSJSU-ebqzyyjkcvwsbfcgeifutazmdmuc/Build/Products/Debug-iphonesimulator/AWSAutoScaling/AWSAutoScaling.framework"; sourceTree = "<group>"; };
		C35B246D1EB166EA00450AD3 /* AWSCloudWatch.framework */ = {isa = PBXFileReference; lastKnownFileType = wrapper.framework; name = AWSCloudWatch.framework; path = "../../Library/Developer/Xcode/DerivedData/SocialEventSJSU-ebqzyyjkcvwsbfcgeifutazmdmuc/Build/Products/Debug-iphonesimulator/AWSCloudWatch/AWSCloudWatch.framework"; sourceTree = "<group>"; };
		C35B246E1EB166EA00450AD3 /* AWSCognito.framework */ = {isa = PBXFileReference; lastKnownFileType = wrapper.framework; name = AWSCognito.framework; path = "../../Library/Developer/Xcode/DerivedData/SocialEventSJSU-ebqzyyjkcvwsbfcgeifutazmdmuc/Build/Products/Debug-iphonesimulator/AWSCognito/AWSCognito.framework"; sourceTree = "<group>"; };
		C35B246F1EB166EA00450AD3 /* AWSCognitoIdentityProvider.framework */ = {isa = PBXFileReference; lastKnownFileType = wrapper.framework; name = AWSCognitoIdentityProvider.framework; path = "../../Library/Developer/Xcode/DerivedData/SocialEventSJSU-ebqzyyjkcvwsbfcgeifutazmdmuc/Build/Products/Debug-iphonesimulator/AWSCognitoIdentityProvider/AWSCognitoIdentityProvider.framework"; sourceTree = "<group>"; };
		C35B24701EB166EA00450AD3 /* AWSCore.framework */ = {isa = PBXFileReference; lastKnownFileType = wrapper.framework; name = AWSCore.framework; path = "../../Library/Developer/Xcode/DerivedData/SocialEventSJSU-ebqzyyjkcvwsbfcgeifutazmdmuc/Build/Products/Debug-iphonesimulator/AWSCore/AWSCore.framework"; sourceTree = "<group>"; };
		C35B24711EB166EA00450AD3 /* AWSDynamoDB.framework */ = {isa = PBXFileReference; lastKnownFileType = wrapper.framework; name = AWSDynamoDB.framework; path = "../../Library/Developer/Xcode/DerivedData/SocialEventSJSU-ebqzyyjkcvwsbfcgeifutazmdmuc/Build/Products/Debug-iphonesimulator/AWSDynamoDB/AWSDynamoDB.framework"; sourceTree = "<group>"; };
		C35B24721EB166EA00450AD3 /* AWSEC2.framework */ = {isa = PBXFileReference; lastKnownFileType = wrapper.framework; name = AWSEC2.framework; path = "../../Library/Developer/Xcode/DerivedData/SocialEventSJSU-ebqzyyjkcvwsbfcgeifutazmdmuc/Build/Products/Debug-iphonesimulator/AWSEC2/AWSEC2.framework"; sourceTree = "<group>"; };
		C35B24731EB166EA00450AD3 /* AWSElasticLoadBalancing.framework */ = {isa = PBXFileReference; lastKnownFileType = wrapper.framework; name = AWSElasticLoadBalancing.framework; path = "../../Library/Developer/Xcode/DerivedData/SocialEventSJSU-ebqzyyjkcvwsbfcgeifutazmdmuc/Build/Products/Debug-iphonesimulator/AWSElasticLoadBalancing/AWSElasticLoadBalancing.framework"; sourceTree = "<group>"; };
		C35B24741EB166EA00450AD3 /* AWSIoT.framework */ = {isa = PBXFileReference; lastKnownFileType = wrapper.framework; name = AWSIoT.framework; path = "../../Library/Developer/Xcode/DerivedData/SocialEventSJSU-ebqzyyjkcvwsbfcgeifutazmdmuc/Build/Products/Debug-iphonesimulator/AWSIoT/AWSIoT.framework"; sourceTree = "<group>"; };
		C35B24751EB166EA00450AD3 /* AWSKinesis.framework */ = {isa = PBXFileReference; lastKnownFileType = wrapper.framework; name = AWSKinesis.framework; path = "../../Library/Developer/Xcode/DerivedData/SocialEventSJSU-ebqzyyjkcvwsbfcgeifutazmdmuc/Build/Products/Debug-iphonesimulator/AWSKinesis/AWSKinesis.framework"; sourceTree = "<group>"; };
		C35B24761EB166EA00450AD3 /* AWSLambda.framework */ = {isa = PBXFileReference; lastKnownFileType = wrapper.framework; name = AWSLambda.framework; path = "../../Library/Developer/Xcode/DerivedData/SocialEventSJSU-ebqzyyjkcvwsbfcgeifutazmdmuc/Build/Products/Debug-iphonesimulator/AWSLambda/AWSLambda.framework"; sourceTree = "<group>"; };
		C35B24771EB166EA00450AD3 /* AWSLex.framework */ = {isa = PBXFileReference; lastKnownFileType = wrapper.framework; name = AWSLex.framework; path = "../../Library/Developer/Xcode/DerivedData/SocialEventSJSU-ebqzyyjkcvwsbfcgeifutazmdmuc/Build/Products/Debug-iphonesimulator/AWSLex/AWSLex.framework"; sourceTree = "<group>"; };
		C35B24781EB166EA00450AD3 /* AWSMachineLearning.framework */ = {isa = PBXFileReference; lastKnownFileType = wrapper.framework; name = AWSMachineLearning.framework; path = "../../Library/Developer/Xcode/DerivedData/SocialEventSJSU-ebqzyyjkcvwsbfcgeifutazmdmuc/Build/Products/Debug-iphonesimulator/AWSMachineLearning/AWSMachineLearning.framework"; sourceTree = "<group>"; };
		C35B24791EB166EA00450AD3 /* AWSMobileAnalytics.framework */ = {isa = PBXFileReference; lastKnownFileType = wrapper.framework; name = AWSMobileAnalytics.framework; path = "../../Library/Developer/Xcode/DerivedData/SocialEventSJSU-ebqzyyjkcvwsbfcgeifutazmdmuc/Build/Products/Debug-iphonesimulator/AWSMobileAnalytics/AWSMobileAnalytics.framework"; sourceTree = "<group>"; };
		C35B247A1EB166EA00450AD3 /* AWSPinpoint.framework */ = {isa = PBXFileReference; lastKnownFileType = wrapper.framework; name = AWSPinpoint.framework; path = "../../Library/Developer/Xcode/DerivedData/SocialEventSJSU-ebqzyyjkcvwsbfcgeifutazmdmuc/Build/Products/Debug-iphonesimulator/AWSPinpoint/AWSPinpoint.framework"; sourceTree = "<group>"; };
		C35B247B1EB166EA00450AD3 /* AWSPolly.framework */ = {isa = PBXFileReference; lastKnownFileType = wrapper.framework; name = AWSPolly.framework; path = "../../Library/Developer/Xcode/DerivedData/SocialEventSJSU-ebqzyyjkcvwsbfcgeifutazmdmuc/Build/Products/Debug-iphonesimulator/AWSPolly/AWSPolly.framework"; sourceTree = "<group>"; };
		C35B247C1EB166EA00450AD3 /* AWSRekognition.framework */ = {isa = PBXFileReference; lastKnownFileType = wrapper.framework; name = AWSRekognition.framework; path = "../../Library/Developer/Xcode/DerivedData/SocialEventSJSU-ebqzyyjkcvwsbfcgeifutazmdmuc/Build/Products/Debug-iphonesimulator/AWSRekognition/AWSRekognition.framework"; sourceTree = "<group>"; };
		C35B247D1EB166EA00450AD3 /* AWSS3.framework */ = {isa = PBXFileReference; lastKnownFileType = wrapper.framework; name = AWSS3.framework; path = "../../Library/Developer/Xcode/DerivedData/SocialEventSJSU-ebqzyyjkcvwsbfcgeifutazmdmuc/Build/Products/Debug-iphonesimulator/AWSS3/AWSS3.framework"; sourceTree = "<group>"; };
		C35B247E1EB166EA00450AD3 /* AWSSES.framework */ = {isa = PBXFileReference; lastKnownFileType = wrapper.framework; name = AWSSES.framework; path = "../../Library/Developer/Xcode/DerivedData/SocialEventSJSU-ebqzyyjkcvwsbfcgeifutazmdmuc/Build/Products/Debug-iphonesimulator/AWSSES/AWSSES.framework"; sourceTree = "<group>"; };
		C35B247F1EB166EA00450AD3 /* AWSSimpleDB.framework */ = {isa = PBXFileReference; lastKnownFileType = wrapper.framework; name = AWSSimpleDB.framework; path = "../../Library/Developer/Xcode/DerivedData/SocialEventSJSU-ebqzyyjkcvwsbfcgeifutazmdmuc/Build/Products/Debug-iphonesimulator/AWSSimpleDB/AWSSimpleDB.framework"; sourceTree = "<group>"; };
		C35B24801EB166EA00450AD3 /* AWSSNS.framework */ = {isa = PBXFileReference; lastKnownFileType = wrapper.framework; name = AWSSNS.framework; path = "../../Library/Developer/Xcode/DerivedData/SocialEventSJSU-ebqzyyjkcvwsbfcgeifutazmdmuc/Build/Products/Debug-iphonesimulator/AWSSNS/AWSSNS.framework"; sourceTree = "<group>"; };
		C35B24811EB166EA00450AD3 /* AWSSQS.framework */ = {isa = PBXFileReference; lastKnownFileType = wrapper.framework; name = AWSSQS.framework; path = "../../Library/Developer/Xcode/DerivedData/SocialEventSJSU-ebqzyyjkcvwsbfcgeifutazmdmuc/Build/Products/Debug-iphonesimulator/AWSSQS/AWSSQS.framework"; sourceTree = "<group>"; };
		C35B24A41EB168B000450AD3 /* AWSMobileClient.swift */ = {isa = PBXFileReference; fileEncoding = 4; lastKnownFileType = sourcecode.swift; path = AWSMobileClient.swift; sourceTree = "<group>"; };
		C35B24A51EB168B000450AD3 /* AWSMobileHubHelper.framework */ = {isa = PBXFileReference; lastKnownFileType = wrapper.framework; path = AWSMobileHubHelper.framework; sourceTree = "<group>"; };
		C35B24A61EB168B000450AD3 /* EventsList.swift */ = {isa = PBXFileReference; fileEncoding = 4; lastKnownFileType = sourcecode.swift; path = EventsList.swift; sourceTree = "<group>"; };
		C35B24AD1EB1693800450AD3 /* libz.tbd */ = {isa = PBXFileReference; lastKnownFileType = "sourcecode.text-based-dylib-definition"; name = libz.tbd; path = usr/lib/libz.tbd; sourceTree = SDKROOT; };
		C35B24AF1EB169D900450AD3 /* libsqlite3.dylib */ = {isa = PBXFileReference; lastKnownFileType = "compiled.mach-o.dylib"; name = libsqlite3.dylib; path = ../../../../usr/lib/libsqlite3.dylib; sourceTree = "<group>"; };
		C365F45A1EAF30F1007D9C27 /* FBSDKLoginKit.framework */ = {isa = PBXFileReference; lastKnownFileType = wrapper.framework; name = FBSDKLoginKit.framework; path = "../../Downloads/FacebookSDKs-iOS-4.22.0/FBSDKLoginKit.framework"; sourceTree = "<group>"; };
		C3A1E5171EAFFE6C006D024A /* EventListViewController.swift */ = {isa = PBXFileReference; fileEncoding = 4; lastKnownFileType = sourcecode.swift; path = EventListViewController.swift; sourceTree = "<group>"; };
		C3A1E5191EB00356006D024A /* SignUpViewController.swift */ = {isa = PBXFileReference; fileEncoding = 4; lastKnownFileType = sourcecode.swift; path = SignUpViewController.swift; sourceTree = "<group>"; };
		C3A1E51A1EB00356006D024A /* SignViewController.swift */ = {isa = PBXFileReference; fileEncoding = 4; lastKnownFileType = sourcecode.swift; path = SignViewController.swift; sourceTree = "<group>"; };
		C3B898B71EAF397000081B5B /* MapViewController.swift */ = {isa = PBXFileReference; fileEncoding = 4; lastKnownFileType = sourcecode.swift; path = MapViewController.swift; sourceTree = "<group>"; };
		C3B898B91EAFBD0400081B5B /* EventAnnotation.swift */ = {isa = PBXFileReference; fileEncoding = 4; lastKnownFileType = sourcecode.swift; path = EventAnnotation.swift; sourceTree = "<group>"; };
		DA2C8E6D1EC9189100BCD978 /* SettingsViewController.swift */ = {isa = PBXFileReference; fileEncoding = 4; lastKnownFileType = sourcecode.swift; path = SettingsViewController.swift; sourceTree = "<group>"; };
		DA2C8E711EC93B8600BCD978 /* HomeViewController.swift */ = {isa = PBXFileReference; fileEncoding = 4; lastKnownFileType = sourcecode.swift; path = HomeViewController.swift; sourceTree = "<group>"; };
		DA4398621EC95526008E46EC /* HomeNavigationViewController.swift */ = {isa = PBXFileReference; fileEncoding = 4; lastKnownFileType = sourcecode.swift; path = HomeNavigationViewController.swift; sourceTree = "<group>"; };
		F558A5EAC1A137D5C54386A5 /* Pods-SocialEventSJSU.release.xcconfig */ = {isa = PBXFileReference; includeInIndex = 1; lastKnownFileType = text.xcconfig; name = "Pods-SocialEventSJSU.release.xcconfig"; path = "Pods/Target Support Files/Pods-SocialEventSJSU/Pods-SocialEventSJSU.release.xcconfig"; sourceTree = "<group>"; };
/* End PBXFileReference section */

/* Begin PBXFrameworksBuildPhase section */
		83AD7CE61EAE076500FDA83C /* Frameworks */ = {
			isa = PBXFrameworksBuildPhase;
			buildActionMask = 2147483647;
			files = (
				C35B24B01EB169DA00450AD3 /* libsqlite3.dylib in Frameworks */,
				C35B24AE1EB1693800450AD3 /* libz.tbd in Frameworks */,
				C35B24821EB166EA00450AD3 /* AWSAutoScaling.framework in Frameworks */,
				C35B24831EB166EA00450AD3 /* AWSCloudWatch.framework in Frameworks */,
				C35B24841EB166EA00450AD3 /* AWSCognito.framework in Frameworks */,
				C35B24851EB166EA00450AD3 /* AWSCognitoIdentityProvider.framework in Frameworks */,
				C35B24861EB166EA00450AD3 /* AWSCore.framework in Frameworks */,
				C35B24AB1EB168B000450AD3 /* AWSMobileHubHelper.framework in Frameworks */,
				C35B24871EB166EA00450AD3 /* AWSDynamoDB.framework in Frameworks */,
				C35B24891EB166EA00450AD3 /* AWSElasticLoadBalancing.framework in Frameworks */,
				C35B248B1EB166EA00450AD3 /* AWSKinesis.framework in Frameworks */,
				C35B248C1EB166EA00450AD3 /* AWSLambda.framework in Frameworks */,
				C35B248F1EB166EA00450AD3 /* AWSMobileAnalytics.framework in Frameworks */,
				C35B24901EB166EA00450AD3 /* AWSPinpoint.framework in Frameworks */,
				C35B24911EB166EA00450AD3 /* AWSPolly.framework in Frameworks */,
				C35B24921EB166EA00450AD3 /* AWSRekognition.framework in Frameworks */,
				C35B24931EB166EA00450AD3 /* AWSS3.framework in Frameworks */,
				C35B24941EB166EA00450AD3 /* AWSSES.framework in Frameworks */,
				C35B24951EB166EA00450AD3 /* AWSSimpleDB.framework in Frameworks */,
				C35B24961EB166EA00450AD3 /* AWSSNS.framework in Frameworks */,
				C35B24971EB166EA00450AD3 /* AWSSQS.framework in Frameworks */,
				C365F45B1EAF30F1007D9C27 /* FBSDKLoginKit.framework in Frameworks */,
				096ADCF572CBCA61FD566E11 /* Pods_SocialEventSJSU.framework in Frameworks */,
			);
			runOnlyForDeploymentPostprocessing = 0;
		};
/* End PBXFrameworksBuildPhase section */

/* Begin PBXGroup section */
		83A83FD580901F33D5DD5C1A /* Pods */ = {
			isa = PBXGroup;
			children = (
				420B1ED232852B76A0EDA0B0 /* Pods-SocialEventSJSU.debug.xcconfig */,
				F558A5EAC1A137D5C54386A5 /* Pods-SocialEventSJSU.release.xcconfig */,
			);
			name = Pods;
			sourceTree = "<group>";
		};
		83AD7CE01EAE076500FDA83C = {
			isa = PBXGroup;
			children = (
				C365F45A1EAF30F1007D9C27 /* FBSDKLoginKit.framework */,
				C35B24A91EB168B000450AD3 /* AmazonAws */,
				83AD7CEB1EAE076500FDA83C /* SocialEventSJSU */,
				83AD7CEA1EAE076500FDA83C /* Products */,
				83A83FD580901F33D5DD5C1A /* Pods */,
				84476EEEF9F4C2D75CA26ACE /* Frameworks */,
			);
			sourceTree = "<group>";
		};
		83AD7CEA1EAE076500FDA83C /* Products */ = {
			isa = PBXGroup;
			children = (
				83AD7CE91EAE076500FDA83C /* SocialEventSJSU.app */,
			);
			name = Products;
			sourceTree = "<group>";
		};
		83AD7CEB1EAE076500FDA83C /* SocialEventSJSU */ = {
			isa = PBXGroup;
			children = (
				8364A9911EAE210A00050B76 /* SocialEventSJSU.entitlements */,
				83AD7CEC1EAE076500FDA83C /* AppDelegate.swift */,
				DA2C8E711EC93B8600BCD978 /* HomeViewController.swift */,
				83AD7CEE1EAE076500FDA83C /* ViewController.swift */,
				C3A1E5191EB00356006D024A /* SignUpViewController.swift */,
				C3A1E51A1EB00356006D024A /* SignViewController.swift */,
				83AD7CF01EAE076500FDA83C /* Main.storyboard */,
				DA4398621EC95526008E46EC /* HomeNavigationViewController.swift */,
				DA2C8E6D1EC9189100BCD978 /* SettingsViewController.swift */,
				7713E7101EC41787009FCA24 /* FormViewController.swift */,
				C3A1E5171EAFFE6C006D024A /* EventListViewController.swift */,
				C3B898B91EAFBD0400081B5B /* EventAnnotation.swift */,
				C3B898B71EAF397000081B5B /* MapViewController.swift */,
				C35B24221EB162ED00450AD3 /* DatabaseEventListModel.swift */,
				83AD7CF31EAE076500FDA83C /* Assets.xcassets */,
				83AD7CF51EAE076500FDA83C /* LaunchScreen.storyboard */,
				83AD7CF81EAE076500FDA83C /* Info.plist */,
			);
			path = SocialEventSJSU;
			sourceTree = "<group>";
		};
		84476EEEF9F4C2D75CA26ACE /* Frameworks */ = {
			isa = PBXGroup;
			children = (
				C35B24AF1EB169D900450AD3 /* libsqlite3.dylib */,
				C35B24AD1EB1693800450AD3 /* libz.tbd */,
				C35B246C1EB166EA00450AD3 /* AWSAutoScaling.framework */,
				C35B246D1EB166EA00450AD3 /* AWSCloudWatch.framework */,
				C35B246E1EB166EA00450AD3 /* AWSCognito.framework */,
				C35B246F1EB166EA00450AD3 /* AWSCognitoIdentityProvider.framework */,
				C35B24701EB166EA00450AD3 /* AWSCore.framework */,
				C35B24711EB166EA00450AD3 /* AWSDynamoDB.framework */,
				C35B24721EB166EA00450AD3 /* AWSEC2.framework */,
				C35B24731EB166EA00450AD3 /* AWSElasticLoadBalancing.framework */,
				C35B24741EB166EA00450AD3 /* AWSIoT.framework */,
				C35B24751EB166EA00450AD3 /* AWSKinesis.framework */,
				C35B24761EB166EA00450AD3 /* AWSLambda.framework */,
				C35B24771EB166EA00450AD3 /* AWSLex.framework */,
				C35B24781EB166EA00450AD3 /* AWSMachineLearning.framework */,
				C35B24791EB166EA00450AD3 /* AWSMobileAnalytics.framework */,
				C35B247A1EB166EA00450AD3 /* AWSPinpoint.framework */,
				C35B247B1EB166EA00450AD3 /* AWSPolly.framework */,
				C35B247C1EB166EA00450AD3 /* AWSRekognition.framework */,
				C35B247D1EB166EA00450AD3 /* AWSS3.framework */,
				C35B247E1EB166EA00450AD3 /* AWSSES.framework */,
				C35B247F1EB166EA00450AD3 /* AWSSimpleDB.framework */,
				C35B24801EB166EA00450AD3 /* AWSSNS.framework */,
				C35B24811EB166EA00450AD3 /* AWSSQS.framework */,
				16AA679A3F6C1BEC29534E24 /* Pods_SocialEventSJSU.framework */,
			);
			name = Frameworks;
			sourceTree = "<group>";
		};
		C35B24A71EB168B000450AD3 /* NoSQL */ = {
			isa = PBXGroup;
			children = (
				C35B24A61EB168B000450AD3 /* EventsList.swift */,
			);
			path = NoSQL;
			sourceTree = "<group>";
		};
		C35B24A81EB168B000450AD3 /* Models */ = {
			isa = PBXGroup;
			children = (
				C35B24A71EB168B000450AD3 /* NoSQL */,
			);
			path = Models;
			sourceTree = "<group>";
		};
		C35B24A91EB168B000450AD3 /* AmazonAws */ = {
			isa = PBXGroup;
			children = (
				C35B24A41EB168B000450AD3 /* AWSMobileClient.swift */,
				C35B24A51EB168B000450AD3 /* AWSMobileHubHelper.framework */,
				C35B24A81EB168B000450AD3 /* Models */,
			);
			name = AmazonAws;
			path = Pods/AmazonAws;
			sourceTree = "<group>";
		};
/* End PBXGroup section */

/* Begin PBXNativeTarget section */
		83AD7CE81EAE076500FDA83C /* SocialEventSJSU */ = {
			isa = PBXNativeTarget;
			buildConfigurationList = 83AD7CFB1EAE076500FDA83C /* Build configuration list for PBXNativeTarget "SocialEventSJSU" */;
			buildPhases = (
				5690CCD489A8043FF1C13CCD /* [CP] Check Pods Manifest.lock */,
				83AD7CE51EAE076500FDA83C /* Sources */,
				83AD7CE61EAE076500FDA83C /* Frameworks */,
				83AD7CE71EAE076500FDA83C /* Resources */,
				011699721E4A27F4550DF8A8 /* [CP] Embed Pods Frameworks */,
				BAF30F36C2B14977D8E6DA61 /* [CP] Copy Pods Resources */,
			);
			buildRules = (
			);
			dependencies = (
			);
			name = SocialEventSJSU;
			productName = SocialEventSJSU;
			productReference = 83AD7CE91EAE076500FDA83C /* SocialEventSJSU.app */;
			productType = "com.apple.product-type.application";
		};
/* End PBXNativeTarget section */

/* Begin PBXProject section */
		83AD7CE11EAE076500FDA83C /* Project object */ = {
			isa = PBXProject;
			attributes = {
				LastSwiftUpdateCheck = 0820;
				LastUpgradeCheck = 0820;
				ORGANIZATIONNAME = KitoMam;
				TargetAttributes = {
					83AD7CE81EAE076500FDA83C = {
						CreatedOnToolsVersion = 8.2.1;
						DevelopmentTeam = 6WA6Y7KBQJ;
						ProvisioningStyle = Automatic;
						SystemCapabilities = {
							com.apple.Keychain = {
								enabled = 1;
							};
						};
					};
				};
			};
			buildConfigurationList = 83AD7CE41EAE076500FDA83C /* Build configuration list for PBXProject "SocialEventSJSU" */;
			compatibilityVersion = "Xcode 3.2";
			developmentRegion = English;
			hasScannedForEncodings = 0;
			knownRegions = (
				en,
				Base,
			);
			mainGroup = 83AD7CE01EAE076500FDA83C;
			productRefGroup = 83AD7CEA1EAE076500FDA83C /* Products */;
			projectDirPath = "";
			projectRoot = "";
			targets = (
				83AD7CE81EAE076500FDA83C /* SocialEventSJSU */,
			);
		};
/* End PBXProject section */

/* Begin PBXResourcesBuildPhase section */
		83AD7CE71EAE076500FDA83C /* Resources */ = {
			isa = PBXResourcesBuildPhase;
			buildActionMask = 2147483647;
			files = (
				83AD7CF71EAE076500FDA83C /* LaunchScreen.storyboard in Resources */,
				83AD7CF41EAE076500FDA83C /* Assets.xcassets in Resources */,
				83AD7CF21EAE076500FDA83C /* Main.storyboard in Resources */,
			);
			runOnlyForDeploymentPostprocessing = 0;
		};
/* End PBXResourcesBuildPhase section */

/* Begin PBXShellScriptBuildPhase section */
		011699721E4A27F4550DF8A8 /* [CP] Embed Pods Frameworks */ = {
			isa = PBXShellScriptBuildPhase;
			buildActionMask = 2147483647;
			files = (
			);
			inputPaths = (
			);
			name = "[CP] Embed Pods Frameworks";
			outputPaths = (
			);
			runOnlyForDeploymentPostprocessing = 0;
			shellPath = /bin/sh;
			shellScript = "\"${SRCROOT}/Pods/Target Support Files/Pods-SocialEventSJSU/Pods-SocialEventSJSU-frameworks.sh\"\n";
			showEnvVarsInLog = 0;
		};
		5690CCD489A8043FF1C13CCD /* [CP] Check Pods Manifest.lock */ = {
			isa = PBXShellScriptBuildPhase;
			buildActionMask = 2147483647;
			files = (
			);
			inputPaths = (
			);
			name = "[CP] Check Pods Manifest.lock";
			outputPaths = (
			);
			runOnlyForDeploymentPostprocessing = 0;
			shellPath = /bin/sh;
			shellScript = "diff \"${PODS_PODFILE_DIR_PATH}/Podfile.lock\" \"${PODS_ROOT}/Manifest.lock\" > /dev/null\nif [ $? != 0 ] ; then\n    # print error to STDERR\n    echo \"error: The sandbox is not in sync with the Podfile.lock. Run 'pod install' or update your CocoaPods installation.\" >&2\n    exit 1\nfi\n";
			showEnvVarsInLog = 0;
		};
		BAF30F36C2B14977D8E6DA61 /* [CP] Copy Pods Resources */ = {
			isa = PBXShellScriptBuildPhase;
			buildActionMask = 2147483647;
			files = (
			);
			inputPaths = (
			);
			name = "[CP] Copy Pods Resources";
			outputPaths = (
			);
			runOnlyForDeploymentPostprocessing = 0;
			shellPath = /bin/sh;
			shellScript = "\"${SRCROOT}/Pods/Target Support Files/Pods-SocialEventSJSU/Pods-SocialEventSJSU-resources.sh\"\n";
			showEnvVarsInLog = 0;
		};
/* End PBXShellScriptBuildPhase section */

/* Begin PBXSourcesBuildPhase section */
		83AD7CE51EAE076500FDA83C /* Sources */ = {
			isa = PBXSourcesBuildPhase;
			buildActionMask = 2147483647;
			files = (
				C35B24AC1EB168B000450AD3 /* EventsList.swift in Sources */,
				C3A1E51C1EB00356006D024A /* SignViewController.swift in Sources */,
				C3A1E51B1EB00356006D024A /* SignUpViewController.swift in Sources */,
				C3A1E5181EAFFE6C006D024A /* EventListViewController.swift in Sources */,
				DA4398631EC95526008E46EC /* HomeNavigationViewController.swift in Sources */,
				83AD7CEF1EAE076500FDA83C /* ViewController.swift in Sources */,
				7713E7111EC41787009FCA24 /* FormViewController.swift in Sources */,
				C3B898BA1EAFBD0400081B5B /* EventAnnotation.swift in Sources */,
				C3E1EE6D1EC92ACE001E8996 /* DatabaseEventListModel.swift in Sources */,
				C399FE101EC287C7007EFD7B /* HomeViewController.swift in Sources */,
				C3B898B81EAF397000081B5B /* MapViewController.swift in Sources */,
				DA2C8E6E1EC9189100BCD978 /* SettingsViewController.swift in Sources */,
				83AD7CED1EAE076500FDA83C /* AppDelegate.swift in Sources */,
				DA2C8E721EC93B8600BCD978 /* HomeViewController.swift in Sources */,
				C35B24AA1EB168B000450AD3 /* AWSMobileClient.swift in Sources */,
			);
			runOnlyForDeploymentPostprocessing = 0;
		};
/* End PBXSourcesBuildPhase section */

/* Begin PBXVariantGroup section */
		83AD7CF01EAE076500FDA83C /* Main.storyboard */ = {
			isa = PBXVariantGroup;
			children = (
				83AD7CF11EAE076500FDA83C /* Base */,
			);
			name = Main.storyboard;
			sourceTree = "<group>";
		};
		83AD7CF51EAE076500FDA83C /* LaunchScreen.storyboard */ = {
			isa = PBXVariantGroup;
			children = (
				83AD7CF61EAE076500FDA83C /* Base */,
			);
			name = LaunchScreen.storyboard;
			sourceTree = "<group>";
		};
/* End PBXVariantGroup section */

/* Begin XCBuildConfiguration section */
		83AD7CF91EAE076500FDA83C /* Debug */ = {
			isa = XCBuildConfiguration;
			buildSettings = {
				ALWAYS_SEARCH_USER_PATHS = NO;
				CLANG_ANALYZER_NONNULL = YES;
				CLANG_CXX_LANGUAGE_STANDARD = "gnu++0x";
				CLANG_CXX_LIBRARY = "libc++";
				CLANG_ENABLE_MODULES = YES;
				CLANG_ENABLE_OBJC_ARC = YES;
				CLANG_WARN_BOOL_CONVERSION = YES;
				CLANG_WARN_CONSTANT_CONVERSION = YES;
				CLANG_WARN_DIRECT_OBJC_ISA_USAGE = YES_ERROR;
				CLANG_WARN_DOCUMENTATION_COMMENTS = YES;
				CLANG_WARN_EMPTY_BODY = YES;
				CLANG_WARN_ENUM_CONVERSION = YES;
				CLANG_WARN_INFINITE_RECURSION = YES;
				CLANG_WARN_INT_CONVERSION = YES;
				CLANG_WARN_OBJC_ROOT_CLASS = YES_ERROR;
				CLANG_WARN_SUSPICIOUS_MOVE = YES;
				CLANG_WARN_UNREACHABLE_CODE = YES;
				CLANG_WARN__DUPLICATE_METHOD_MATCH = YES;
				"CODE_SIGN_IDENTITY[sdk=iphoneos*]" = "iPhone Developer";
				COPY_PHASE_STRIP = NO;
				DEBUG_INFORMATION_FORMAT = dwarf;
				ENABLE_STRICT_OBJC_MSGSEND = YES;
				ENABLE_TESTABILITY = YES;
				GCC_C_LANGUAGE_STANDARD = gnu99;
				GCC_DYNAMIC_NO_PIC = NO;
				GCC_NO_COMMON_BLOCKS = YES;
				GCC_OPTIMIZATION_LEVEL = 0;
				GCC_PREPROCESSOR_DEFINITIONS = (
					"DEBUG=1",
					"$(inherited)",
				);
				GCC_WARN_64_TO_32_BIT_CONVERSION = YES;
				GCC_WARN_ABOUT_RETURN_TYPE = YES_ERROR;
				GCC_WARN_UNDECLARED_SELECTOR = YES;
				GCC_WARN_UNINITIALIZED_AUTOS = YES_AGGRESSIVE;
				GCC_WARN_UNUSED_FUNCTION = YES;
				GCC_WARN_UNUSED_VARIABLE = YES;
				IPHONEOS_DEPLOYMENT_TARGET = 10.2;
				MTL_ENABLE_DEBUG_INFO = YES;
				ONLY_ACTIVE_ARCH = YES;
				SDKROOT = iphoneos;
				SWIFT_ACTIVE_COMPILATION_CONDITIONS = DEBUG;
				SWIFT_OPTIMIZATION_LEVEL = "-Onone";
				TARGETED_DEVICE_FAMILY = "1,2";
			};
			name = Debug;
		};
		83AD7CFA1EAE076500FDA83C /* Release */ = {
			isa = XCBuildConfiguration;
			buildSettings = {
				ALWAYS_SEARCH_USER_PATHS = NO;
				CLANG_ANALYZER_NONNULL = YES;
				CLANG_CXX_LANGUAGE_STANDARD = "gnu++0x";
				CLANG_CXX_LIBRARY = "libc++";
				CLANG_ENABLE_MODULES = YES;
				CLANG_ENABLE_OBJC_ARC = YES;
				CLANG_WARN_BOOL_CONVERSION = YES;
				CLANG_WARN_CONSTANT_CONVERSION = YES;
				CLANG_WARN_DIRECT_OBJC_ISA_USAGE = YES_ERROR;
				CLANG_WARN_DOCUMENTATION_COMMENTS = YES;
				CLANG_WARN_EMPTY_BODY = YES;
				CLANG_WARN_ENUM_CONVERSION = YES;
				CLANG_WARN_INFINITE_RECURSION = YES;
				CLANG_WARN_INT_CONVERSION = YES;
				CLANG_WARN_OBJC_ROOT_CLASS = YES_ERROR;
				CLANG_WARN_SUSPICIOUS_MOVE = YES;
				CLANG_WARN_UNREACHABLE_CODE = YES;
				CLANG_WARN__DUPLICATE_METHOD_MATCH = YES;
				"CODE_SIGN_IDENTITY[sdk=iphoneos*]" = "iPhone Developer";
				COPY_PHASE_STRIP = NO;
				DEBUG_INFORMATION_FORMAT = "dwarf-with-dsym";
				ENABLE_NS_ASSERTIONS = NO;
				ENABLE_STRICT_OBJC_MSGSEND = YES;
				GCC_C_LANGUAGE_STANDARD = gnu99;
				GCC_NO_COMMON_BLOCKS = YES;
				GCC_WARN_64_TO_32_BIT_CONVERSION = YES;
				GCC_WARN_ABOUT_RETURN_TYPE = YES_ERROR;
				GCC_WARN_UNDECLARED_SELECTOR = YES;
				GCC_WARN_UNINITIALIZED_AUTOS = YES_AGGRESSIVE;
				GCC_WARN_UNUSED_FUNCTION = YES;
				GCC_WARN_UNUSED_VARIABLE = YES;
				IPHONEOS_DEPLOYMENT_TARGET = 10.2;
				MTL_ENABLE_DEBUG_INFO = NO;
				SDKROOT = iphoneos;
				SWIFT_OPTIMIZATION_LEVEL = "-Owholemodule";
				TARGETED_DEVICE_FAMILY = "1,2";
				VALIDATE_PRODUCT = YES;
			};
			name = Release;
		};
		83AD7CFC1EAE076500FDA83C /* Debug */ = {
			isa = XCBuildConfiguration;
			baseConfigurationReference = 420B1ED232852B76A0EDA0B0 /* Pods-SocialEventSJSU.debug.xcconfig */;
			buildSettings = {
				ASSETCATALOG_COMPILER_APPICON_NAME = AppIcon;
				CODE_SIGN_ENTITLEMENTS = SocialEventSJSU/SocialEventSJSU.entitlements;
				DEVELOPMENT_TEAM = 6WA6Y7KBQJ;
				ENABLE_BITCODE = YES;
				FRAMEWORK_SEARCH_PATHS = (
					"$(inherited)",
					"\"$PODS_CONFIGURATION_BUILD_DIR/Bolts\"",
					"\"$PODS_CONFIGURATION_BUILD_DIR/FBSDKCoreKit\"",
					"\"$PODS_CONFIGURATION_BUILD_DIR/FBSDKLoginKit\"",
					"\"$PODS_CONFIGURATION_BUILD_DIR/FBSDKShareKit\"",
					"$(PROJECT_DIR)/Pods/AmazonAws",
					"$(SRCROOT)/**",
				);
				INFOPLIST_FILE = SocialEventSJSU/Info.plist;
				IPHONEOS_DEPLOYMENT_TARGET = 10.2;
				LD_RUNPATH_SEARCH_PATHS = "$(inherited) @executable_path/Frameworks";
				PRODUCT_BUNDLE_IDENTIFIER = edu.sjsu.mam.kito.SocialEventSJSU;
				PRODUCT_NAME = "$(TARGET_NAME)";
				SWIFT_VERSION = 3.0;
			};
			name = Debug;
		};
		83AD7CFD1EAE076500FDA83C /* Release */ = {
			isa = XCBuildConfiguration;
			baseConfigurationReference = F558A5EAC1A137D5C54386A5 /* Pods-SocialEventSJSU.release.xcconfig */;
			buildSettings = {
				ASSETCATALOG_COMPILER_APPICON_NAME = AppIcon;
				CODE_SIGN_ENTITLEMENTS = SocialEventSJSU/SocialEventSJSU.entitlements;
				DEVELOPMENT_TEAM = 6WA6Y7KBQJ;
				ENABLE_BITCODE = YES;
				FRAMEWORK_SEARCH_PATHS = (
					"$(inherited)",
					"\"$PODS_CONFIGURATION_BUILD_DIR/Bolts\"",
					"\"$PODS_CONFIGURATION_BUILD_DIR/FBSDKCoreKit\"",
					"\"$PODS_CONFIGURATION_BUILD_DIR/FBSDKLoginKit\"",
					"\"$PODS_CONFIGURATION_BUILD_DIR/FBSDKShareKit\"",
					"$(PROJECT_DIR)/Pods/AmazonAws",
					"$(SRCROOT)/**",
				);
				INFOPLIST_FILE = SocialEventSJSU/Info.plist;
				IPHONEOS_DEPLOYMENT_TARGET = 10.2;
				LD_RUNPATH_SEARCH_PATHS = "$(inherited) @executable_path/Frameworks";
				PRODUCT_BUNDLE_IDENTIFIER = edu.sjsu.mam.kito.SocialEventSJSU;
				PRODUCT_NAME = "$(TARGET_NAME)";
				SWIFT_VERSION = 3.0;
			};
			name = Release;
		};
/* End XCBuildConfiguration section */

/* Begin XCConfigurationList section */
		83AD7CE41EAE076500FDA83C /* Build configuration list for PBXProject "SocialEventSJSU" */ = {
			isa = XCConfigurationList;
			buildConfigurations = (
				83AD7CF91EAE076500FDA83C /* Debug */,
				83AD7CFA1EAE076500FDA83C /* Release */,
			);
			defaultConfigurationIsVisible = 0;
			defaultConfigurationName = Release;
		};
		83AD7CFB1EAE076500FDA83C /* Build configuration list for PBXNativeTarget "SocialEventSJSU" */ = {
			isa = XCConfigurationList;
			buildConfigurations = (
				83AD7CFC1EAE076500FDA83C /* Debug */,
				83AD7CFD1EAE076500FDA83C /* Release */,
			);
			defaultConfigurationIsVisible = 0;
			defaultConfigurationName = Release;
		};
/* End XCConfigurationList section */
	};
	rootObject = 83AD7CE11EAE076500FDA83C /* Project object */;
}
